schema: '2.0'
stages:
  data_ingestion:
    cmd: python src/data/data_ingestion.py
    deps:
    - path: params.yaml
      hash: md5
      md5: c69acd0514e21bc4fa4e41d72e3afe3b
      size: 141
    - path: src/data/data_ingestion.py
      hash: md5
      md5: 737bcc3074a62fd204593cb8bb60a6c1
      size: 3527
    outs:
    - path: data/raw
      hash: md5
      md5: fb326d2eec197669f9638afde28356bf.dir
      size: 827973
      nfiles: 2
  data_preprocessing:
    cmd: python src/data/data_preprocessing.py
    deps:
    - path: data/raw
      hash: md5
      md5: fb326d2eec197669f9638afde28356bf.dir
      size: 827973
      nfiles: 2
    - path: params.yaml
      hash: md5
      md5: c69acd0514e21bc4fa4e41d72e3afe3b
      size: 141
    - path: src/data/data_preprocessing.py
      hash: md5
      md5: 69c1e925599fe9c337f9de05b76b0176
      size: 3990
    outs:
    - path: data/interim
      hash: md5
      md5: ef37afd17951ea8af23114b28d26f784.dir
      size: 566210
      nfiles: 2
  feature_engineering:
    cmd: python src/features/feature_engineering.py
    deps:
    - path: data/interim
      hash: md5
      md5: ef37afd17951ea8af23114b28d26f784.dir
      size: 566210
      nfiles: 2
    - path: params.yaml
      hash: md5
      md5: c69acd0514e21bc4fa4e41d72e3afe3b
      size: 141
    - path: src/features/feature_engineering.py
      hash: md5
      md5: 6b7c1dac8139b3e6ebd3e81f4ef19bd0
      size: 3802
    outs:
    - path: data/processed
      hash: md5
      md5: accdec2100284971dd1422af43f346c0.dir
      size: 4534613
      nfiles: 2
  model_building:
    cmd: python src/model/model_building.py
    deps:
    - path: data/processed
      hash: md5
      md5: accdec2100284971dd1422af43f346c0.dir
      size: 4534613
      nfiles: 2
    - path: params.yaml
      hash: md5
      md5: c69acd0514e21bc4fa4e41d72e3afe3b
      size: 141
    - path: src/model/model_building.py
      hash: md5
      md5: d5f5caec6a87267f805ef9096d67f54d
      size: 3173
    outs:
    - path: models/model.pkl
      hash: md5
      md5: d9045ff21cdddfe092c7657bf4ceba85
      size: 39490
  model_evaluation:
    cmd: python src/model/model_evaluation.py
    deps:
    - path: models/model.pkl
      hash: md5
      md5: d9045ff21cdddfe092c7657bf4ceba85
      size: 39490
    - path: src/model/model_evaluation.py
      hash: md5
      md5: 95eca74ca6ef19bd81a15ab89ef8eb93
      size: 3475
    outs:
    - path: reports/metrics.json
      hash: md5
      md5: 4f13353d45822d2422ccda209868ab9e
      size: 145
