schema: '2.0'
stages:
  data_ingestion:
    cmd: python src/data/data_ingestion.py
    deps:
    - path: params.yaml
      hash: md5
      md5: c69acd0514e21bc4fa4e41d72e3afe3b
      size: 141
    - path: src/data/data_ingestion.py
      hash: md5
      md5: 737bcc3074a62fd204593cb8bb60a6c1
      size: 3527
    outs:
    - path: data/raw
      hash: md5
      md5: fb326d2eec197669f9638afde28356bf.dir
      size: 827973
      nfiles: 2
  data_preprocessing:
    cmd: python src/data/data_preprocessing.py
    deps:
    - path: data/raw
      hash: md5
      md5: fb326d2eec197669f9638afde28356bf.dir
      size: 827973
      nfiles: 2
    - path: params.yaml
      hash: md5
      md5: c69acd0514e21bc4fa4e41d72e3afe3b
      size: 141
    - path: src/data/data_preprocessing.py
      hash: md5
      md5: 69c1e925599fe9c337f9de05b76b0176
      size: 3990
    outs:
    - path: data/interim
      hash: md5
      md5: ef37afd17951ea8af23114b28d26f784.dir
      size: 566210
      nfiles: 2
  feature_engineering:
    cmd: python src/features/feature_engineering.py
    deps:
    - path: data/interim
      hash: md5
      md5: ef37afd17951ea8af23114b28d26f784.dir
      size: 566210
      nfiles: 2
    - path: params.yaml
      hash: md5
      md5: c69acd0514e21bc4fa4e41d72e3afe3b
      size: 141
    - path: src/features/feature_engineering.py
      hash: md5
      md5: e8c851f54646b36c042ca6c1547ae879
      size: 3767
    outs:
    - path: data/processed
      hash: md5
      md5: 278a1fabe1c09b434607b3a3d009e39c.dir
      size: 2106516
      nfiles: 2
  model_building:
    cmd: python src/model/model_building.py
    deps:
    - path: data/processed
      hash: md5
      md5: 278a1fabe1c09b434607b3a3d009e39c.dir
      size: 2106516
      nfiles: 2
    - path: params.yaml
      hash: md5
      md5: c69acd0514e21bc4fa4e41d72e3afe3b
      size: 141
    - path: src/model/model_building.py
      hash: md5
      md5: daa25e7153a0d98f7d391052bcae498c
      size: 3104
    outs:
    - path: models/model.pkl
      hash: md5
      md5: 2b55f261d22ffb109efaaeaf1336957d
      size: 39489
  model_evaluation:
    cmd: python src/model/model_evaluation.py
    deps:
    - path: models/model.pkl
      hash: md5
      md5: 2b55f261d22ffb109efaaeaf1336957d
      size: 39489
    - path: src/model/model_evaluation.py
      hash: md5
      md5: 39724688af276ee78cb53fe755aec174
      size: 3475
    outs:
    - path: reports/metrics.json
      hash: md5
      md5: a5c5c1a21ce6f9f9a33ffd5c7118e798
      size: 144
